
Microsoft Visual Studio Solution File, Format Version 12.00
# Visual Studio Version 17
VisualStudioVersion = 17.9.34728.123
MinimumVisualStudioVersion = 10.0.40219.1
Project("{8BC9CEB8-8B4A-11D0-8D11-00A0C91BC942}") = "MT3", "MT3.vcxproj", "{E1CC66BE-543C-4CA5-878A-CF31E8F4F6C9}"
EndProject
Global
	GlobalSection(SolutionConfigurationPlatforms) = preSolution
		Debug|x64 = Debug|x64
		Release|x64 = Release|x64
	EndGlobalSection
	GlobalSection(ProjectConfigurationPlatforms) = postSolution
		{E1CC66BE-543C-4CA5-878A-CF31E8F4F6C9}.Debug|x64.ActiveCfg = Debug|x64
		{E1CC66BE-543C-4CA5-878A-CF31E8F4F6C9}.Debug|x64.Build.0 = Debug|x64
		{E1CC66BE-543C-4CA5-878A-CF31E8F4F6C9}.Release|x64.ActiveCfg = Release|x64
		{E1CC66BE-543C-4CA5-878A-CF31E8F4F6C9}.Release|x64.Build.0 = Release|x64
	EndGlobalSection
	GlobalSection(SolutionProperties) = preSolution
		HideSolutionNode = FALSE
	EndGlobalSection
	GlobalSection(ExtensibilityGlobals) = postSolution
		SolutionGuid = {B928E0B5-8403-4946-AC00-117CBA2CC9CB}
	EndGlobalSection
EndGlobal
